
Microsoft Visual Studio Solution File, Format Version 12.00
# Visual Studio Version 16
VisualStudioVersion = 16.0.30204.135
MinimumVisualStudioVersion = 10.0.40219.1
Project("{8BC9CEB8-8B4A-11D0-8D11-00A0C91BC942}") = "RayCasting", "RayCasting.vcxproj", "{6231377D-23E9-429B-BE2A-0697FD8FDB8C}"
EndProject
Project("{8BC9CEB8-8B4A-11D0-8D11-00A0C91BC942}") = "TestPerf", "TestPerf\TestPerf.vcxproj", "{2ECC2484-11BD-46F8-ADC2-D3AB8380F200}"
EndProject
Global
	GlobalSection(SolutionConfigurationPlatforms) = preSolution
		Debug|Win32 = Debug|Win32
		Debug|x64 = Debug|x64
		Release|Win32 = Release|Win32
		Release|x64 = Release|x64
	EndGlobalSection
	GlobalSection(ProjectConfigurationPlatforms) = postSolution
		{6231377D-23E9-429B-BE2A-0697FD8FDB8C}.Debug|Win32.ActiveCfg = Debug|Win32
		{6231377D-23E9-429B-BE2A-0697FD8FDB8C}.Debug|Win32.Build.0 = Debug|Win32
		{6231377D-23E9-429B-BE2A-0697FD8FDB8C}.Debug|x64.ActiveCfg = Debug|x64
		{6231377D-23E9-429B-BE2A-0697FD8FDB8C}.Debug|x64.Build.0 = Debug|x64
		{6231377D-23E9-429B-BE2A-0697FD8FDB8C}.Release|Win32.ActiveCfg = Release|Win32
		{6231377D-23E9-429B-BE2A-0697FD8FDB8C}.Release|Win32.Build.0 = Release|Win32
		{6231377D-23E9-429B-BE2A-0697FD8FDB8C}.Release|x64.ActiveCfg = Release|x64
		{6231377D-23E9-429B-BE2A-0697FD8FDB8C}.Release|x64.Build.0 = Release|x64
		{2ECC2484-11BD-46F8-ADC2-D3AB8380F200}.Debug|Win32.ActiveCfg = Debug|Win32
		{2ECC2484-11BD-46F8-ADC2-D3AB8380F200}.Debug|Win32.Build.0 = Debug|Win32
		{2ECC2484-11BD-46F8-ADC2-D3AB8380F200}.Debug|x64.ActiveCfg = Debug|x64
		{2ECC2484-11BD-46F8-ADC2-D3AB8380F200}.Debug|x64.Build.0 = Debug|x64
		{2ECC2484-11BD-46F8-ADC2-D3AB8380F200}.Release|Win32.ActiveCfg = Release|Win32
		{2ECC2484-11BD-46F8-ADC2-D3AB8380F200}.Release|Win32.Build.0 = Release|Win32
		{2ECC2484-11BD-46F8-ADC2-D3AB8380F200}.Release|x64.ActiveCfg = Release|x64
		{2ECC2484-11BD-46F8-ADC2-D3AB8380F200}.Release|x64.Build.0 = Release|x64
	EndGlobalSection
	GlobalSection(SolutionProperties) = preSolution
		HideSolutionNode = FALSE
	EndGlobalSection
	GlobalSection(ExtensibilityGlobals) = postSolution
		SolutionGuid = {536EBFC2-805B-422D-B8DA-2E3699AF9CF4}
	EndGlobalSection
EndGlobal
